# THIS IS AN AUTOGENERATED FILE. DO NOT EDIT THIS FILE DIRECTLY.
# yarn lockfile v1


"@altv/types-client@^1.5.4":
  version "1.5.4"
  resolved "https://registry.yarnpkg.com/@altv/types-client/-/types-client-1.5.4.tgz#b9a94e29afded2627ab5ccf2ce8e0c8fb9482cf6"
  integrity sha512-C02hZFzTOHGpjwSyFcFN2yjR3uANX66strFDkY/QG7z90DU1RoMuzHAmsALrJDAsGmbUtJAMez2/mXyjh6ZT+A==

"@altv/types-natives@^1.2.2":
  version "1.2.2"
  resolved "https://registry.yarnpkg.com/@altv/types-natives/-/types-natives-1.2.2.tgz#470329d44360e7abf584d19affdc2581ebbdb27f"
  integrity sha512-9v2tahu6nt8F2k3/oeGfM2ez0mo2MPnCcl97KYgXTn38L92xIefXcxdaGTHL6hLYE3PcF21RqBoQy2vVRCBYEw==

"@altv/types-webview@^1.0.2":
  version "1.0.2"
  resolved "https://registry.yarnpkg.com/@altv/types-webview/-/types-webview-1.0.2.tgz#806681664dd6361295577afa8ab6090fb123621e"
  integrity sha512-3RceTutIDS/XV8YUn/AiSe61BERBb6LfCCQxIcN5bvlh26lPXC0naxtQTcG39pSgj8a5iiVT8LaRNdEZP6JBcA==
