# THIS IS AN AUTOGENERATED FILE. DO NOT EDIT THIS FILE DIRECTLY.
# yarn lockfile v1


"@altv/types-natives@^1.2.2":
  version "1.2.2"
  resolved "https://registry.yarnpkg.com/@altv/types-natives/-/types-natives-1.2.2.tgz#470329d44360e7abf584d19affdc2581ebbdb27f"
  integrity sha512-9v2tahu6nt8F2k3/oeGfM2ez0mo2MPnCcl97KYgXTn38L92xIefXcxdaGTHL6hLYE3PcF21RqBoQy2vVRCBYEw==

"@altv/types@^1.0.22":
  version "1.0.22"
  resolved "https://registry.yarnpkg.com/@altv/types/-/types-1.0.22.tgz#5ca89a0a2f973e532a88e2cf405d9b291d2f8396"
  integrity sha512-ZRnJjBf8wMZZMSF5Cih4VBlAYkuQLX5PZsDQuXxvf2Sgd0jhwjffNQHIuiKBeZBhDHD8iXN8BIEvGpqqf3QACA==
