# THIS IS AN AUTOGENERATED FILE. DO NOT EDIT THIS FILE DIRECTLY.
# yarn lockfile v1


"@altv/types-server@^1.7.4":
  version "1.7.4"
  resolved "https://registry.yarnpkg.com/@altv/types-server/-/types-server-1.7.4.tgz#a99fd0b50058b811c1523fbf996279e0853499fb"
  integrity sha512-4ZZAYfR5mU7r9O9XnM7BVwYeBHeg/WnnO9XqzMiMdfTWotXPZE0SFSmmyM+qOZSqCA7/pQjBEpYAgy/KJ6VW2Q==
